# This file is generated by running "yarn install" inside your project.
# Manual changes might be lost - proceed with caution!

__metadata:
  version: 8
  cacheKey: 10c0

"@sindresorhus/is@npm:^6.1.0":
  version: 6.1.0
  resolution: "@sindresorhus/is@npm:6.1.0"
  checksum: 10c0/ad112bc026e45663ff7bf2ddf00627da5ac223b5d8fc95bfbf323b460ff06af762ab722e5ce79ec42b6eb075975a3b13e71e7c09bcb7b5554e0279bcdd569d29
  languageName: node
  linkType: hard

"@szmarczak/http-timer@npm:^5.0.1":
  version: 5.0.1
  resolution: "@szmarczak/http-timer@npm:5.0.1"
  dependencies:
    defer-to-connect: "npm:^2.0.1"
  checksum: 10c0/4629d2fbb2ea67c2e9dc03af235c0991c79ebdddcbc19aed5d5732fb29ce01c13331e9b1a491584b9069bd6ecde6581dcbf871f11b7eefdebbab34de6cf2197e
  languageName: node
  linkType: hard

"@types/http-cache-semantics@npm:^4.0.2":
  version: 4.0.4
  resolution: "@types/http-cache-semantics@npm:4.0.4"
  checksum: 10c0/51b72568b4b2863e0fe8d6ce8aad72a784b7510d72dc866215642da51d84945a9459fa89f49ec48f1e9a1752e6a78e85a4cda0ded06b1c73e727610c925f9ce6
  languageName: node
  linkType: hard

"cacheable-lookup@npm:^7.0.0":
  version: 7.0.0
  resolution: "cacheable-lookup@npm:7.0.0"
  checksum: 10c0/63a9c144c5b45cb5549251e3ea774c04d63063b29e469f7584171d059d3a88f650f47869a974e2d07de62116463d742c287a81a625e791539d987115cb081635
  languageName: node
  linkType: hard

"cacheable-request@npm:^10.2.14":
  version: 10.2.14
  resolution: "cacheable-request@npm:10.2.14"
  dependencies:
    "@types/http-cache-semantics": "npm:^4.0.2"
    get-stream: "npm:^6.0.1"
    http-cache-semantics: "npm:^4.1.1"
    keyv: "npm:^4.5.3"
    mimic-response: "npm:^4.0.0"
    normalize-url: "npm:^8.0.0"
    responselike: "npm:^3.0.0"
  checksum: 10c0/41b6658db369f20c03128227ecd219ca7ac52a9d24fc0f499cc9aa5d40c097b48b73553504cebd137024d957c0ddb5b67cf3ac1439b136667f3586257763f88d
  languageName: node
  linkType: hard

"decompress-response@npm:^6.0.0":
  version: 6.0.0
  resolution: "decompress-response@npm:6.0.0"
  dependencies:
    mimic-response: "npm:^3.1.0"
  checksum: 10c0/bd89d23141b96d80577e70c54fb226b2f40e74a6817652b80a116d7befb8758261ad073a8895648a29cc0a5947021ab66705cb542fa9c143c82022b27c5b175e
  languageName: node
  linkType: hard

"defer-to-connect@npm:^2.0.1":
  version: 2.0.1
  resolution: "defer-to-connect@npm:2.0.1"
  checksum: 10c0/625ce28e1b5ad10cf77057b9a6a727bf84780c17660f6644dab61dd34c23de3001f03cedc401f7d30a4ed9965c2e8a7336e220a329146f2cf85d4eddea429782
  languageName: node
  linkType: hard

"form-data-encoder@npm:^4.0.2":
  version: 4.0.2
  resolution: "form-data-encoder@npm:4.0.2"
  checksum: 10c0/559d3130e265316452434eaf68d68560fb36392ff4d04614683419de4fb43c3dbe152dc303599fae382ce24d3451a6d3d289d3bcc182ae3d8ad32e7ce8e35e53
  languageName: node
  linkType: hard

"get-stream@npm:^6.0.1":
  version: 6.0.1
  resolution: "get-stream@npm:6.0.1"
  checksum: 10c0/49825d57d3fd6964228e6200a58169464b8e8970489b3acdc24906c782fb7f01f9f56f8e6653c4a50713771d6658f7cfe051e5eb8c12e334138c9c918b296341
  languageName: node
  linkType: hard

"get-stream@npm:^8.0.1":
  version: 8.0.1
  resolution: "get-stream@npm:8.0.1"
  checksum: 10c0/5c2181e98202b9dae0bb4a849979291043e5892eb40312b47f0c22b9414fc9b28a3b6063d2375705eb24abc41ecf97894d9a51f64ff021511b504477b27b4290
  languageName: node
  linkType: hard

"got@npm:^14.2.0":
  version: 14.2.0
  resolution: "got@npm:14.2.0"
  dependencies:
    "@sindresorhus/is": "npm:^6.1.0"
    "@szmarczak/http-timer": "npm:^5.0.1"
    cacheable-lookup: "npm:^7.0.0"
    cacheable-request: "npm:^10.2.14"
    decompress-response: "npm:^6.0.0"
    form-data-encoder: "npm:^4.0.2"
    get-stream: "npm:^8.0.1"
    http2-wrapper: "npm:^2.2.1"
    lowercase-keys: "npm:^3.0.0"
    p-cancelable: "npm:^4.0.1"
    responselike: "npm:^3.0.0"
  checksum: 10c0/2e7c41b7bfb0a8c538d14012d6111430cf5b7f66b2b103b95375f5bffeaaa439bbd4093b67cd2066a70a0bb5cf9fa1a944520c3cf72edfa1208c88174d472a83
  languageName: node
  linkType: hard

"http-cache-semantics@npm:^4.1.1":
  version: 4.1.1
  resolution: "http-cache-semantics@npm:4.1.1"
  checksum: 10c0/ce1319b8a382eb3cbb4a37c19f6bfe14e5bb5be3d09079e885e8c513ab2d3cd9214902f8a31c9dc4e37022633ceabfc2d697405deeaf1b8f3552bb4ed996fdfc
  languageName: node
  linkType: hard

"http2-wrapper@npm:^2.2.1":
  version: 2.2.1
  resolution: "http2-wrapper@npm:2.2.1"
  dependencies:
    quick-lru: "npm:^5.1.1"
    resolve-alpn: "npm:^1.2.0"
  checksum: 10c0/7207201d3c6e53e72e510c9b8912e4f3e468d3ecc0cf3bf52682f2aac9cd99358b896d1da4467380adc151cf97c412bedc59dc13dae90c523f42053a7449eedb
  languageName: node
  linkType: hard

"json-buffer@npm:3.0.1":
  version: 3.0.1
  resolution: "json-buffer@npm:3.0.1"
  checksum: 10c0/0d1c91569d9588e7eef2b49b59851f297f3ab93c7b35c7c221e288099322be6b562767d11e4821da500f3219542b9afd2e54c5dc573107c1126ed1080f8e96d7
  languageName: node
  linkType: hard

"keyv@npm:^4.5.3":
  version: 4.5.4
  resolution: "keyv@npm:4.5.4"
  dependencies:
    json-buffer: "npm:3.0.1"
  checksum: 10c0/aa52f3c5e18e16bb6324876bb8b59dd02acf782a4b789c7b2ae21107fab95fab3890ed448d4f8dba80ce05391eeac4bfabb4f02a20221342982f806fa2cf271e
  languageName: node
  linkType: hard

"lowercase-keys@npm:^3.0.0":
  version: 3.0.0
  resolution: "lowercase-keys@npm:3.0.0"
  checksum: 10c0/ef62b9fa5690ab0a6e4ef40c94efce68e3ed124f583cc3be38b26ff871da0178a28b9a84ce0c209653bb25ca135520ab87fea7cd411a54ac4899cb2f30501430
  languageName: node
  linkType: hard

"mimic-response@npm:^3.1.0":
  version: 3.1.0
  resolution: "mimic-response@npm:3.1.0"
  checksum: 10c0/0d6f07ce6e03e9e4445bee655202153bdb8a98d67ee8dc965ac140900d7a2688343e6b4c9a72cfc9ef2f7944dfd76eef4ab2482eb7b293a68b84916bac735362
  languageName: node
  linkType: hard

"mimic-response@npm:^4.0.0":
  version: 4.0.0
  resolution: "mimic-response@npm:4.0.0"
  checksum: 10c0/761d788d2668ae9292c489605ffd4fad220f442fbae6832adce5ebad086d691e906a6d5240c290293c7a11e99fbdbbef04abbbed498bf8699a4ee0f31315e3fb
  languageName: node
  linkType: hard

"normalize-url@npm:^8.0.0":
  version: 8.0.0
  resolution: "normalize-url@npm:8.0.0"
  checksum: 10c0/09582d56acd562d89849d9239852c2aff225c72be726556d6883ff36de50006803d32a023c10e917bcc1c55f73f3bb16434f67992fe9b61906a3db882192753c
  languageName: node
  linkType: hard

"p-cancelable@npm:^4.0.1":
  version: 4.0.1
  resolution: "p-cancelable@npm:4.0.1"
  checksum: 10c0/12636623f46784ba962b6fe7a1f34d021f1d9a2cc12c43e270baa715ea872d5c8c7d9f086ed420b8b9817e91d9bbe92c14c90e5dddd4a9968c81a2a7aef7089d
  languageName: node
  linkType: hard

"quick-lru@npm:^5.1.1":
  version: 5.1.1
  resolution: "quick-lru@npm:5.1.1"
  checksum: 10c0/a24cba5da8cec30d70d2484be37622580f64765fb6390a928b17f60cd69e8dbd32a954b3ff9176fa1b86d86ff2ba05252fae55dc4d40d0291c60412b0ad096da
  languageName: node
  linkType: hard

"resolve-alpn@npm:^1.2.0":
  version: 1.2.1
  resolution: "resolve-alpn@npm:1.2.1"
  checksum: 10c0/b70b29c1843bc39781ef946c8cd4482e6d425976599c0f9c138cec8209e4e0736161bf39319b01676a847000085dfdaf63583c6fb4427bf751a10635bd2aa0c4
  languageName: node
  linkType: hard

"responselike@npm:^3.0.0":
  version: 3.0.0
  resolution: "responselike@npm:3.0.0"
  dependencies:
    lowercase-keys: "npm:^3.0.0"
  checksum: 10c0/8af27153f7e47aa2c07a5f2d538cb1e5872995f0e9ff77def858ecce5c3fe677d42b824a62cde502e56d275ab832b0a8bd350d5cd6b467ac0425214ac12ae658
  languageName: node
  linkType: hard

"tstimelines@workspace:.":
  version: 0.0.0-use.local
  resolution: "tstimelines@workspace:."
  dependencies:
    got: "npm:^14.2.0"
    yaml: "npm:^2.3.4"
  languageName: unknown
  linkType: soft

"yaml@npm:^2.3.4":
  version: 2.3.4
  resolution: "yaml@npm:2.3.4"
  checksum: 10c0/cf03b68f8fef5e8516b0f0b54edaf2459f1648317fc6210391cf606d247e678b449382f4bd01f77392538429e306c7cba8ff46ff6b37cac4de9a76aff33bd9e1
  languageName: node
  linkType: hard
